
Microsoft Visual Studio Solution File, Format Version 12.00
# Visual Studio Version 16
VisualStudioVersion = 16.0.28803.452
MinimumVisualStudioVersion = 10.0.40219.1
Project("{9A19103F-16F7-4668-BE54-9A1E7A4F7556}") = "ASP.NetCoreProject", "ASP.NetCoreProject\ASP.NetCoreProject.csproj", "{9CA01F29-A6B8-4B3B-9D44-F26A609CE6B4}"
EndProject
Project("{9A19103F-16F7-4668-BE54-9A1E7A4F7556}") = "Client", "Client\Client.csproj", "{D39DB4E6-E3F9-4638-A273-1C6A31D7553F}"
EndProject
Global
	GlobalSection(SolutionConfigurationPlatforms) = preSolution
		Debug|Any CPU = Debug|Any CPU
		Release|Any CPU = Release|Any CPU
	EndGlobalSection
	GlobalSection(ProjectConfigurationPlatforms) = postSolution
		{9CA01F29-A6B8-4B3B-9D44-F26A609CE6B4}.Debug|Any CPU.ActiveCfg = Debug|Any CPU
		{9CA01F29-A6B8-4B3B-9D44-F26A609CE6B4}.Debug|Any CPU.Build.0 = Debug|Any CPU
		{9CA01F29-A6B8-4B3B-9D44-F26A609CE6B4}.Release|Any CPU.ActiveCfg = Release|Any CPU
		{9CA01F29-A6B8-4B3B-9D44-F26A609CE6B4}.Release|Any CPU.Build.0 = Release|Any CPU
		{D39DB4E6-E3F9-4638-A273-1C6A31D7553F}.Debug|Any CPU.ActiveCfg = Debug|Any CPU
		{D39DB4E6-E3F9-4638-A273-1C6A31D7553F}.Debug|Any CPU.Build.0 = Debug|Any CPU
		{D39DB4E6-E3F9-4638-A273-1C6A31D7553F}.Release|Any CPU.ActiveCfg = Release|Any CPU
		{D39DB4E6-E3F9-4638-A273-1C6A31D7553F}.Release|Any CPU.Build.0 = Release|Any CPU
	EndGlobalSection
	GlobalSection(SolutionProperties) = preSolution
		HideSolutionNode = FALSE
	EndGlobalSection
	GlobalSection(ExtensibilityGlobals) = postSolution
		SolutionGuid = {D0630A5D-B776-4F75-BFE6-E25CBA615EC6}
	EndGlobalSection
EndGlobal
